{
	"name": "marked-renderer-text",
	"version": "0.1.0",
	"lockfileVersion": 2,
	"requires": true,
	"packages": {
		"": {
			"name": "marked-renderer-text",
			"version": "0.1.0",
			"peerDependencies": {
				"marked": "^4.0.7"
			}
		},
		"node_modules/marked": {
			"version": "4.0.7",
			"resolved": "https://registry.npmjs.org/marked/-/marked-4.0.7.tgz",
			"integrity": "sha512-mQrRvV2vRk7DHZsWsYJfAjmBo+lSYPhTJPThaaGpkEfmC+4oefeug2txZniQTieDS0CFpokfVhd7JuS5GtnHhA==",
			"peer": true,
			"bin": {
				"marked": "bin/marked.js"
			},
			"engines": {
				"node": ">= 12"
			}
		}
	},
	"dependencies": {
		"marked": {
			"version": "4.0.7",
			"resolved": "https://registry.npmjs.org/marked/-/marked-4.0.7.tgz",
			"integrity": "sha512-mQrRvV2vRk7DHZsWsYJfAjmBo+lSYPhTJPThaaGpkEfmC+4oefeug2txZniQTieDS0CFpokfVhd7JuS5GtnHhA==",
			"peer": true
		}
	}
}
